// !$*UTF8*$!
{
	archiveVersion = 1;
	classes = {
	};
	objectVersion = 56;
	objects = {

/* Begin PBXBuildFile section */
		BD09531B2C598AF7003F1E44 /* commView.swift in Sources */ = {isa = PBXBuildFile; fileRef = BD09531A2C598AF7003F1E44 /* commView.swift */; };
		BDADBCF42C5BF5D90027D9F1 /* Date+Extension.swift in Sources */ = {isa = PBXBuildFile; fileRef = BDADBCF32C5BF5D90027D9F1 /* Date+Extension.swift */; };
		BDADBCF62C5BF63A0027D9F1 /* Custom_CalendarApp.swift in Sources */ = {isa = PBXBuildFile; fileRef = BDADBCF52C5BF63A0027D9F1 /* Custom_CalendarApp.swift */; };
		BDB476C52C5AF05B00FF23FF /* ActualTimerView.swift in Sources */ = {isa = PBXBuildFile; fileRef = BDB476C42C5AF05B00FF23FF /* ActualTimerView.swift */; };
		BDB476CB2C5AF23C00FF23FF /* mentalHealthView.swift in Sources */ = {isa = PBXBuildFile; fileRef = BDB476CA2C5AF23C00FF23FF /* mentalHealthView.swift */; };
		BDB476CD2C5AF25500FF23FF /* aPMView.swift in Sources */ = {isa = PBXBuildFile; fileRef = BDB476CC2C5AF25500FF23FF /* aPMView.swift */; };
		BDB476CF2C5AF4B400FF23FF /* secondView.swift in Sources */ = {isa = PBXBuildFile; fileRef = BDB476CE2C5AF4B400FF23FF /* secondView.swift */; };
		BDB634DE2C5C3B8E0077FBFA /* quizView.swift in Sources */ = {isa = PBXBuildFile; fileRef = BDB634DD2C5C3B8E0077FBFA /* quizView.swift */; };
		BDB634E02C5C3BA20077FBFA /* depV.swift in Sources */ = {isa = PBXBuildFile; fileRef = BDB634DF2C5C3BA20077FBFA /* depV.swift */; };
		BDB634E22C5C3BAC0077FBFA /* anV.swift in Sources */ = {isa = PBXBuildFile; fileRef = BDB634E12C5C3BAC0077FBFA /* anV.swift */; };
		BDB634E42C5C3BB60077FBFA /* eatV.swift in Sources */ = {isa = PBXBuildFile; fileRef = BDB634E32C5C3BB60077FBFA /* eatV.swift */; };
		BDB634E62C5C3BC00077FBFA /* moreV.swift in Sources */ = {isa = PBXBuildFile; fileRef = BDB634E52C5C3BC00077FBFA /* moreV.swift */; };
		BDB634E82C5C3CCA0077FBFA /* studyTimerView.swift in Sources */ = {isa = PBXBuildFile; fileRef = BDB634E72C5C3CCA0077FBFA /* studyTimerView.swift */; };
		BDB634EA2C5C3D250077FBFA /* ActualBreakView.swift in Sources */ = {isa = PBXBuildFile; fileRef = BDB634E92C5C3D250077FBFA /* ActualBreakView.swift */; };
		BDB635342C5C552C0077FBFA /* ImagePicker.swift in Sources */ = {isa = PBXBuildFile; fileRef = BDB635332C5C552C0077FBFA /* ImagePicker.swift */; };
		BDC2F3F72C59692300289338 /* thirdview.swift in Sources */ = {isa = PBXBuildFile; fileRef = BDC2F3F62C59692300289338 /* thirdview.swift */; };
		BDC2F3FD2C596E0E00289338 /* timerView.swift in Sources */ = {isa = PBXBuildFile; fileRef = BDC2F3FC2C596E0E00289338 /* timerView.swift */; };
		BDDCE08F2C584E3200F0B8C2 /* ProTaskApp.swift in Sources */ = {isa = PBXBuildFile; fileRef = BDDCE08E2C584E3200F0B8C2 /* ProTaskApp.swift */; };
		BDDCE0912C584E3200F0B8C2 /* ContentView.swift in Sources */ = {isa = PBXBuildFile; fileRef = BDDCE0902C584E3200F0B8C2 /* ContentView.swift */; };
		BDDCE0932C584E3300F0B8C2 /* Assets.xcassets in Resources */ = {isa = PBXBuildFile; fileRef = BDDCE0922C584E3300F0B8C2 /* Assets.xcassets */; };
		BDDCE0962C584E3300F0B8C2 /* Preview Assets.xcassets in Resources */ = {isa = PBXBuildFile; fileRef = BDDCE0952C584E3300F0B8C2 /* Preview Assets.xcassets */; };
		BDDCE0A02C584E3400F0B8C2 /* ProTaskTests.swift in Sources */ = {isa = PBXBuildFile; fileRef = BDDCE09F2C584E3400F0B8C2 /* ProTaskTests.swift */; };
		BDDCE0AA2C584E3400F0B8C2 /* ProTaskUITests.swift in Sources */ = {isa = PBXBuildFile; fileRef = BDDCE0A92C584E3400F0B8C2 /* ProTaskUITests.swift */; };
		BDDCE0AC2C584E3400F0B8C2 /* ProTaskUITestsLaunchTests.swift in Sources */ = {isa = PBXBuildFile; fileRef = BDDCE0AB2C584E3400F0B8C2 /* ProTaskUITestsLaunchTests.swift */; };
/* End PBXBuildFile section */

/* Begin PBXContainerItemProxy section */
		BDDCE09C2C584E3400F0B8C2 /* PBXContainerItemProxy */ = {
			isa = PBXContainerItemProxy;
			containerPortal = BDDCE0832C584E3200F0B8C2 /* Project object */;
			proxyType = 1;
			remoteGlobalIDString = BDDCE08A2C584E3200F0B8C2;
			remoteInfo = ProTask;
		};
		BDDCE0A62C584E3400F0B8C2 /* PBXContainerItemProxy */ = {
			isa = PBXContainerItemProxy;
			containerPortal = BDDCE0832C584E3200F0B8C2 /* Project object */;
			proxyType = 1;
			remoteGlobalIDString = BDDCE08A2C584E3200F0B8C2;
			remoteInfo = ProTask;
		};
/* End PBXContainerItemProxy section */

/* Begin PBXFileReference section */
		BD09531A2C598AF7003F1E44 /* commView.swift */ = {isa = PBXFileReference; lastKnownFileType = sourcecode.swift; path = commView.swift; sourceTree = "<group>"; };
		BDADBCF32C5BF5D90027D9F1 /* Date+Extension.swift */ = {isa = PBXFileReference; lastKnownFileType = sourcecode.swift; path = "Date+Extension.swift"; sourceTree = "<group>"; };
		BDADBCF52C5BF63A0027D9F1 /* Custom_CalendarApp.swift */ = {isa = PBXFileReference; lastKnownFileType = sourcecode.swift; path = Custom_CalendarApp.swift; sourceTree = "<group>"; };
		BDB476C42C5AF05B00FF23FF /* ActualTimerView.swift */ = {isa = PBXFileReference; lastKnownFileType = sourcecode.swift; path = ActualTimerView.swift; sourceTree = "<group>"; };
		BDB476CA2C5AF23C00FF23FF /* mentalHealthView.swift */ = {isa = PBXFileReference; lastKnownFileType = sourcecode.swift; path = mentalHealthView.swift; sourceTree = "<group>"; };
		BDB476CC2C5AF25500FF23FF /* aPMView.swift */ = {isa = PBXFileReference; lastKnownFileType = sourcecode.swift; path = aPMView.swift; sourceTree = "<group>"; };
		BDB476CE2C5AF4B400FF23FF /* secondView.swift */ = {isa = PBXFileReference; lastKnownFileType = sourcecode.swift; path = secondView.swift; sourceTree = "<group>"; };
		BDB634DD2C5C3B8E0077FBFA /* quizView.swift */ = {isa = PBXFileReference; lastKnownFileType = sourcecode.swift; path = quizView.swift; sourceTree = "<group>"; };
		BDB634DF2C5C3BA20077FBFA /* depV.swift */ = {isa = PBXFileReference; lastKnownFileType = sourcecode.swift; path = depV.swift; sourceTree = "<group>"; };
		BDB634E12C5C3BAC0077FBFA /* anV.swift */ = {isa = PBXFileReference; lastKnownFileType = sourcecode.swift; path = anV.swift; sourceTree = "<group>"; };
		BDB634E32C5C3BB60077FBFA /* eatV.swift */ = {isa = PBXFileReference; lastKnownFileType = sourcecode.swift; path = eatV.swift; sourceTree = "<group>"; };
		BDB634E52C5C3BC00077FBFA /* moreV.swift */ = {isa = PBXFileReference; lastKnownFileType = sourcecode.swift; path = moreV.swift; sourceTree = "<group>"; };
		BDB634E72C5C3CCA0077FBFA /* studyTimerView.swift */ = {isa = PBXFileReference; lastKnownFileType = sourcecode.swift; path = studyTimerView.swift; sourceTree = "<group>"; };
		BDB634E92C5C3D250077FBFA /* ActualBreakView.swift */ = {isa = PBXFileReference; lastKnownFileType = sourcecode.swift; path = ActualBreakView.swift; sourceTree = "<group>"; };
		BDB635332C5C552C0077FBFA /* ImagePicker.swift */ = {isa = PBXFileReference; lastKnownFileType = sourcecode.swift; path = ImagePicker.swift; sourceTree = "<group>"; };
		BDC2F3F62C59692300289338 /* thirdview.swift */ = {isa = PBXFileReference; lastKnownFileType = sourcecode.swift; path = thirdview.swift; sourceTree = "<group>"; };
		BDC2F3FC2C596E0E00289338 /* timerView.swift */ = {isa = PBXFileReference; lastKnownFileType = sourcecode.swift; path = timerView.swift; sourceTree = "<group>"; };
		BDDCE08B2C584E3200F0B8C2 /* ProTasker.app */ = {isa = PBXFileReference; explicitFileType = wrapper.application; includeInIndex = 0; path = ProTasker.app; sourceTree = BUILT_PRODUCTS_DIR; };
		BDDCE08E2C584E3200F0B8C2 /* ProTaskApp.swift */ = {isa = PBXFileReference; lastKnownFileType = sourcecode.swift; path = ProTaskApp.swift; sourceTree = "<group>"; };
		BDDCE0902C584E3200F0B8C2 /* ContentView.swift */ = {isa = PBXFileReference; lastKnownFileType = sourcecode.swift; path = ContentView.swift; sourceTree = "<group>"; };
		BDDCE0922C584E3300F0B8C2 /* Assets.xcassets */ = {isa = PBXFileReference; lastKnownFileType = folder.assetcatalog; path = Assets.xcassets; sourceTree = "<group>"; };
		BDDCE0952C584E3300F0B8C2 /* Preview Assets.xcassets */ = {isa = PBXFileReference; lastKnownFileType = folder.assetcatalog; path = "Preview Assets.xcassets"; sourceTree = "<group>"; };
		BDDCE09B2C584E3400F0B8C2 /* ProTaskerTests.xctest */ = {isa = PBXFileReference; explicitFileType = wrapper.cfbundle; includeInIndex = 0; path = ProTaskerTests.xctest; sourceTree = BUILT_PRODUCTS_DIR; };
		BDDCE09F2C584E3400F0B8C2 /* ProTaskTests.swift */ = {isa = PBXFileReference; lastKnownFileType = sourcecode.swift; path = ProTaskTests.swift; sourceTree = "<group>"; };
		BDDCE0A52C584E3400F0B8C2 /* ProTaskerUITests.xctest */ = {isa = PBXFileReference; explicitFileType = wrapper.cfbundle; includeInIndex = 0; path = ProTaskerUITests.xctest; sourceTree = BUILT_PRODUCTS_DIR; };
		BDDCE0A92C584E3400F0B8C2 /* ProTaskUITests.swift */ = {isa = PBXFileReference; lastKnownFileType = sourcecode.swift; path = ProTaskUITests.swift; sourceTree = "<group>"; };
		BDDCE0AB2C584E3400F0B8C2 /* ProTaskUITestsLaunchTests.swift */ = {isa = PBXFileReference; lastKnownFileType = sourcecode.swift; path = ProTaskUITestsLaunchTests.swift; sourceTree = "<group>"; };
/* End PBXFileReference section */

/* Begin PBXFrameworksBuildPhase section */
		BDDCE0882C584E3200F0B8C2 /* Frameworks */ = {
			isa = PBXFrameworksBuildPhase;
			buildActionMask = 2147483647;
			files = (
			);
			runOnlyForDeploymentPostprocessing = 0;
		};
		BDDCE0982C584E3400F0B8C2 /* Frameworks */ = {
			isa = PBXFrameworksBuildPhase;
			buildActionMask = 2147483647;
			files = (
			);
			runOnlyForDeploymentPostprocessing = 0;
		};
		BDDCE0A22C584E3400F0B8C2 /* Frameworks */ = {
			isa = PBXFrameworksBuildPhase;
			buildActionMask = 2147483647;
			files = (
			);
			runOnlyForDeploymentPostprocessing = 0;
		};
/* End PBXFrameworksBuildPhase section */

/* Begin PBXGroup section */
		BDDCE0822C584E3200F0B8C2 = {
			isa = PBXGroup;
			children = (
				BDDCE08D2C584E3200F0B8C2 /* ProTask */,
				BDDCE09E2C584E3400F0B8C2 /* ProTaskTests */,
				BDDCE0A82C584E3400F0B8C2 /* ProTaskUITests */,
				BDDCE08C2C584E3200F0B8C2 /* Products */,
			);
			sourceTree = "<group>";
		};
		BDDCE08C2C584E3200F0B8C2 /* Products */ = {
			isa = PBXGroup;
			children = (
				BDDCE08B2C584E3200F0B8C2 /* ProTasker.app */,
				BDDCE09B2C584E3400F0B8C2 /* ProTaskerTests.xctest */,
				BDDCE0A52C584E3400F0B8C2 /* ProTaskerUITests.xctest */,
			);
			name = Products;
			sourceTree = "<group>";
		};
		BDDCE08D2C584E3200F0B8C2 /* ProTask */ = {
			isa = PBXGroup;
			children = (
				BDDCE08E2C584E3200F0B8C2 /* ProTaskApp.swift */,
				BD09531A2C598AF7003F1E44 /* commView.swift */,
				BDDCE0902C584E3200F0B8C2 /* ContentView.swift */,
				BDB476CC2C5AF25500FF23FF /* aPMView.swift */,
				BDB476CA2C5AF23C00FF23FF /* mentalHealthView.swift */,
				BDB634DD2C5C3B8E0077FBFA /* quizView.swift */,
				BDB634DF2C5C3BA20077FBFA /* depV.swift */,
				BDB634E12C5C3BAC0077FBFA /* anV.swift */,
				BDB634E32C5C3BB60077FBFA /* eatV.swift */,
				BDB634E52C5C3BC00077FBFA /* moreV.swift */,
				BDC2F3FC2C596E0E00289338 /* timerView.swift */,
				BDB476C42C5AF05B00FF23FF /* ActualTimerView.swift */,
				BDB634E72C5C3CCA0077FBFA /* studyTimerView.swift */,
				BDB634E92C5C3D250077FBFA /* ActualBreakView.swift */,
				BDC2F3F62C59692300289338 /* thirdview.swift */,
				BDB635332C5C552C0077FBFA /* ImagePicker.swift */,
				BDB476CE2C5AF4B400FF23FF /* secondView.swift */,
				BDADBCF32C5BF5D90027D9F1 /* Date+Extension.swift */,
				BDADBCF52C5BF63A0027D9F1 /* Custom_CalendarApp.swift */,
				BDDCE0922C584E3300F0B8C2 /* Assets.xcassets */,
				BDDCE0942C584E3300F0B8C2 /* Preview Content */,
			);
			path = ProTask;
			sourceTree = "<group>";
		};
		BDDCE0942C584E3300F0B8C2 /* Preview Content */ = {
			isa = PBXGroup;
			children = (
				BDDCE0952C584E3300F0B8C2 /* Preview Assets.xcassets */,
			);
			path = "Preview Content";
			sourceTree = "<group>";
		};
		BDDCE09E2C584E3400F0B8C2 /* ProTaskTests */ = {
			isa = PBXGroup;
			children = (
				BDDCE09F2C584E3400F0B8C2 /* ProTaskTests.swift */,
			);
			path = ProTaskTests;
			sourceTree = "<group>";
		};
		BDDCE0A82C584E3400F0B8C2 /* ProTaskUITests */ = {
			isa = PBXGroup;
			children = (
				BDDCE0A92C584E3400F0B8C2 /* ProTaskUITests.swift */,
				BDDCE0AB2C584E3400F0B8C2 /* ProTaskUITestsLaunchTests.swift */,
			);
			path = ProTaskUITests;
			sourceTree = "<group>";
		};
/* End PBXGroup section */

/* Begin PBXNativeTarget section */
		BDDCE08A2C584E3200F0B8C2 /* ProTasker */ = {
			isa = PBXNativeTarget;
			buildConfigurationList = BDDCE0AF2C584E3400F0B8C2 /* Build configuration list for PBXNativeTarget "ProTasker" */;
			buildPhases = (
				BDDCE0872C584E3200F0B8C2 /* Sources */,
				BDDCE0882C584E3200F0B8C2 /* Frameworks */,
				BDDCE0892C584E3200F0B8C2 /* Resources */,
			);
			buildRules = (
			);
			dependencies = (
			);
			name = ProTasker;
			productName = ProTask;
			productReference = BDDCE08B2C584E3200F0B8C2 /* ProTasker.app */;
			productType = "com.apple.product-type.application";
		};
		BDDCE09A2C584E3400F0B8C2 /* ProTaskerTests */ = {
			isa = PBXNativeTarget;
			buildConfigurationList = BDDCE0B22C584E3400F0B8C2 /* Build configuration list for PBXNativeTarget "ProTaskerTests" */;
			buildPhases = (
				BDDCE0972C584E3400F0B8C2 /* Sources */,
				BDDCE0982C584E3400F0B8C2 /* Frameworks */,
				BDDCE0992C584E3400F0B8C2 /* Resources */,
			);
			buildRules = (
			);
			dependencies = (
				BDDCE09D2C584E3400F0B8C2 /* PBXTargetDependency */,
			);
			name = ProTaskerTests;
			productName = ProTaskTests;
			productReference = BDDCE09B2C584E3400F0B8C2 /* ProTaskerTests.xctest */;
			productType = "com.apple.product-type.bundle.unit-test";
		};
		BDDCE0A42C584E3400F0B8C2 /* ProTaskerUITests */ = {
			isa = PBXNativeTarget;
			buildConfigurationList = BDDCE0B52C584E3400F0B8C2 /* Build configuration list for PBXNativeTarget "ProTaskerUITests" */;
			buildPhases = (
				BDDCE0A12C584E3400F0B8C2 /* Sources */,
				BDDCE0A22C584E3400F0B8C2 /* Frameworks */,
				BDDCE0A32C584E3400F0B8C2 /* Resources */,
			);
			buildRules = (
			);
			dependencies = (
				BDDCE0A72C584E3400F0B8C2 /* PBXTargetDependency */,
			);
			name = ProTaskerUITests;
			productName = ProTaskUITests;
			productReference = BDDCE0A52C584E3400F0B8C2 /* ProTaskerUITests.xctest */;
			productType = "com.apple.product-type.bundle.ui-testing";
		};
/* End PBXNativeTarget section */

/* Begin PBXProject section */
		BDDCE0832C584E3200F0B8C2 /* Project object */ = {
			isa = PBXProject;
			attributes = {
				BuildIndependentTargetsInParallel = 1;
				LastSwiftUpdateCheck = 1540;
				LastUpgradeCheck = 1540;
				TargetAttributes = {
					BDDCE08A2C584E3200F0B8C2 = {
						CreatedOnToolsVersion = 15.4;
					};
					BDDCE09A2C584E3400F0B8C2 = {
						CreatedOnToolsVersion = 15.4;
						TestTargetID = BDDCE08A2C584E3200F0B8C2;
					};
					BDDCE0A42C584E3400F0B8C2 = {
						CreatedOnToolsVersion = 15.4;
						TestTargetID = BDDCE08A2C584E3200F0B8C2;
					};
				};
			};
			buildConfigurationList = BDDCE0862C584E3200F0B8C2 /* Build configuration list for PBXProject "ProTasker" */;
			compatibilityVersion = "Xcode 14.0";
			developmentRegion = en;
			hasScannedForEncodings = 0;
			knownRegions = (
				en,
				Base,
			);
			mainGroup = BDDCE0822C584E3200F0B8C2;
			productRefGroup = BDDCE08C2C584E3200F0B8C2 /* Products */;
			projectDirPath = "";
			projectRoot = "";
			targets = (
				BDDCE08A2C584E3200F0B8C2 /* ProTasker */,
				BDDCE09A2C584E3400F0B8C2 /* ProTaskerTests */,
				BDDCE0A42C584E3400F0B8C2 /* ProTaskerUITests */,
			);
		};
/* End PBXProject section */

/* Begin PBXResourcesBuildPhase section */
		BDDCE0892C584E3200F0B8C2 /* Resources */ = {
			isa = PBXResourcesBuildPhase;
			buildActionMask = 2147483647;
			files = (
				BDDCE0962C584E3300F0B8C2 /* Preview Assets.xcassets in Resources */,
				BDDCE0932C584E3300F0B8C2 /* Assets.xcassets in Resources */,
			);
			runOnlyForDeploymentPostprocessing = 0;
		};
		BDDCE0992C584E3400F0B8C2 /* Resources */ = {
			isa = PBXResourcesBuildPhase;
			buildActionMask = 2147483647;
			files = (
			);
			runOnlyForDeploymentPostprocessing = 0;
		};
		BDDCE0A32C584E3400F0B8C2 /* Resources */ = {
			isa = PBXResourcesBuildPhase;
			buildActionMask = 2147483647;
			files = (
			);
			runOnlyForDeploymentPostprocessing = 0;
		};
/* End PBXResourcesBuildPhase section */

/* Begin PBXSourcesBuildPhase section */
		BDDCE0872C584E3200F0B8C2 /* Sources */ = {
			isa = PBXSourcesBuildPhase;
			buildActionMask = 2147483647;
			files = (
				BDB634EA2C5C3D250077FBFA /* ActualBreakView.swift in Sources */,
				BDB634E02C5C3BA20077FBFA /* depV.swift in Sources */,
				BDB476C52C5AF05B00FF23FF /* ActualTimerView.swift in Sources */,
				BDB634DE2C5C3B8E0077FBFA /* quizView.swift in Sources */,
				BD09531B2C598AF7003F1E44 /* commView.swift in Sources */,
				BDC2F3F72C59692300289338 /* thirdview.swift in Sources */,
				BDB476CB2C5AF23C00FF23FF /* mentalHealthView.swift in Sources */,
				BDB635342C5C552C0077FBFA /* ImagePicker.swift in Sources */,
				BDDCE0912C584E3200F0B8C2 /* ContentView.swift in Sources */,
				BDADBCF62C5BF63A0027D9F1 /* Custom_CalendarApp.swift in Sources */,
				BDB634E42C5C3BB60077FBFA /* eatV.swift in Sources */,
				BDADBCF42C5BF5D90027D9F1 /* Date+Extension.swift in Sources */,
				BDDCE08F2C584E3200F0B8C2 /* ProTaskApp.swift in Sources */,
				BDB476CD2C5AF25500FF23FF /* aPMView.swift in Sources */,
				BDB634E22C5C3BAC0077FBFA /* anV.swift in Sources */,
				BDB476CF2C5AF4B400FF23FF /* secondView.swift in Sources */,
				BDB634E82C5C3CCA0077FBFA /* studyTimerView.swift in Sources */,
				BDC2F3FD2C596E0E00289338 /* timerView.swift in Sources */,
				BDB634E62C5C3BC00077FBFA /* moreV.swift in Sources */,
			);
			runOnlyForDeploymentPostprocessing = 0;
		};
		BDDCE0972C584E3400F0B8C2 /* Sources */ = {
			isa = PBXSourcesBuildPhase;
			buildActionMask = 2147483647;
			files = (
				BDDCE0A02C584E3400F0B8C2 /* ProTaskTests.swift in Sources */,
			);
			runOnlyForDeploymentPostprocessing = 0;
		};
		BDDCE0A12C584E3400F0B8C2 /* Sources */ = {
			isa = PBXSourcesBuildPhase;
			buildActionMask = 2147483647;
			files = (
				BDDCE0AA2C584E3400F0B8C2 /* ProTaskUITests.swift in Sources */,
				BDDCE0AC2C584E3400F0B8C2 /* ProTaskUITestsLaunchTests.swift in Sources */,
			);
			runOnlyForDeploymentPostprocessing = 0;
		};
/* End PBXSourcesBuildPhase section */

/* Begin PBXTargetDependency section */
		BDDCE09D2C584E3400F0B8C2 /* PBXTargetDependency */ = {
			isa = PBXTargetDependency;
			target = BDDCE08A2C584E3200F0B8C2 /* ProTasker */;
			targetProxy = BDDCE09C2C584E3400F0B8C2 /* PBXContainerItemProxy */;
		};
		BDDCE0A72C584E3400F0B8C2 /* PBXTargetDependency */ = {
			isa = PBXTargetDependency;
			target = BDDCE08A2C584E3200F0B8C2 /* ProTasker */;
			targetProxy = BDDCE0A62C584E3400F0B8C2 /* PBXContainerItemProxy */;
		};
/* End PBXTargetDependency section */

/* Begin XCBuildConfiguration section */
		BDDCE0AD2C584E3400F0B8C2 /* Debug */ = {
			isa = XCBuildConfiguration;
			buildSettings = {
				ALWAYS_SEARCH_USER_PATHS = NO;
				ASSETCATALOG_COMPILER_GENERATE_SWIFT_ASSET_SYMBOL_EXTENSIONS = YES;
				CLANG_ANALYZER_NONNULL = YES;
				CLANG_ANALYZER_NUMBER_OBJECT_CONVERSION = YES_AGGRESSIVE;
				CLANG_CXX_LANGUAGE_STANDARD = "gnu++20";
				CLANG_ENABLE_MODULES = YES;
				CLANG_ENABLE_OBJC_ARC = YES;
				CLANG_ENABLE_OBJC_WEAK = YES;
				CLANG_WARN_BLOCK_CAPTURE_AUTORELEASING = YES;
				CLANG_WARN_BOOL_CONVERSION = YES;
				CLANG_WARN_COMMA = YES;
				CLANG_WARN_CONSTANT_CONVERSION = YES;
				CLANG_WARN_DEPRECATED_OBJC_IMPLEMENTATIONS = YES;
				CLANG_WARN_DIRECT_OBJC_ISA_USAGE = YES_ERROR;
				CLANG_WARN_DOCUMENTATION_COMMENTS = YES;
				CLANG_WARN_EMPTY_BODY = YES;
				CLANG_WARN_ENUM_CONVERSION = YES;
				CLANG_WARN_INFINITE_RECURSION = YES;
				CLANG_WARN_INT_CONVERSION = YES;
				CLANG_WARN_NON_LITERAL_NULL_CONVERSION = YES;
				CLANG_WARN_OBJC_IMPLICIT_RETAIN_SELF = YES;
				CLANG_WARN_OBJC_LITERAL_CONVERSION = YES;
				CLANG_WARN_OBJC_ROOT_CLASS = YES_ERROR;
				CLANG_WARN_QUOTED_INCLUDE_IN_FRAMEWORK_HEADER = YES;
				CLANG_WARN_RANGE_LOOP_ANALYSIS = YES;
				CLANG_WARN_STRICT_PROTOTYPES = YES;
				CLANG_WARN_SUSPICIOUS_MOVE = YES;
				CLANG_WARN_UNGUARDED_AVAILABILITY = YES_AGGRESSIVE;
				CLANG_WARN_UNREACHABLE_CODE = YES;
				CLANG_WARN__DUPLICATE_METHOD_MATCH = YES;
				COPY_PHASE_STRIP = NO;
				DEBUG_INFORMATION_FORMAT = dwarf;
				ENABLE_STRICT_OBJC_MSGSEND = YES;
				ENABLE_TESTABILITY = YES;
				ENABLE_USER_SCRIPT_SANDBOXING = YES;
				GCC_C_LANGUAGE_STANDARD = gnu17;
				GCC_DYNAMIC_NO_PIC = NO;
				GCC_NO_COMMON_BLOCKS = YES;
				GCC_OPTIMIZATION_LEVEL = 0;
				GCC_PREPROCESSOR_DEFINITIONS = (
					"DEBUG=1",
					"$(inherited)",
				);
				GCC_WARN_64_TO_32_BIT_CONVERSION = YES;
				GCC_WARN_ABOUT_RETURN_TYPE = YES_ERROR;
				GCC_WARN_UNDECLARED_SELECTOR = YES;
				GCC_WARN_UNINITIALIZED_AUTOS = YES_AGGRESSIVE;
				GCC_WARN_UNUSED_FUNCTION = YES;
				GCC_WARN_UNUSED_VARIABLE = YES;
				IPHONEOS_DEPLOYMENT_TARGET = 17.5;
				LOCALIZATION_PREFERS_STRING_CATALOGS = YES;
				MTL_ENABLE_DEBUG_INFO = INCLUDE_SOURCE;
				MTL_FAST_MATH = YES;
				ONLY_ACTIVE_ARCH = YES;
				SDKROOT = iphoneos;
				SWIFT_ACTIVE_COMPILATION_CONDITIONS = "DEBUG $(inherited)";
				SWIFT_OPTIMIZATION_LEVEL = "-Onone";
			};
			name = Debug;
		};
		BDDCE0AE2C584E3400F0B8C2 /* Release */ = {
			isa = XCBuildConfiguration;
			buildSettings = {
				ALWAYS_SEARCH_USER_PATHS = NO;
				ASSETCATALOG_COMPILER_GENERATE_SWIFT_ASSET_SYMBOL_EXTENSIONS = YES;
				CLANG_ANALYZER_NONNULL = YES;
				CLANG_ANALYZER_NUMBER_OBJECT_CONVERSION = YES_AGGRESSIVE;
				CLANG_CXX_LANGUAGE_STANDARD = "gnu++20";
				CLANG_ENABLE_MODULES = YES;
				CLANG_ENABLE_OBJC_ARC = YES;
				CLANG_ENABLE_OBJC_WEAK = YES;
				CLANG_WARN_BLOCK_CAPTURE_AUTORELEASING = YES;
				CLANG_WARN_BOOL_CONVERSION = YES;
				CLANG_WARN_COMMA = YES;
				CLANG_WARN_CONSTANT_CONVERSION = YES;
				CLANG_WARN_DEPRECATED_OBJC_IMPLEMENTATIONS = YES;
				CLANG_WARN_DIRECT_OBJC_ISA_USAGE = YES_ERROR;
				CLANG_WARN_DOCUMENTATION_COMMENTS = YES;
				CLANG_WARN_EMPTY_BODY = YES;
				CLANG_WARN_ENUM_CONVERSION = YES;
				CLANG_WARN_INFINITE_RECURSION = YES;
				CLANG_WARN_INT_CONVERSION = YES;
				CLANG_WARN_NON_LITERAL_NULL_CONVERSION = YES;
				CLANG_WARN_OBJC_IMPLICIT_RETAIN_SELF = YES;
				CLANG_WARN_OBJC_LITERAL_CONVERSION = YES;
				CLANG_WARN_OBJC_ROOT_CLASS = YES_ERROR;
				CLANG_WARN_QUOTED_INCLUDE_IN_FRAMEWORK_HEADER = YES;
				CLANG_WARN_RANGE_LOOP_ANALYSIS = YES;
				CLANG_WARN_STRICT_PROTOTYPES = YES;
				CLANG_WARN_SUSPICIOUS_MOVE = YES;
				CLANG_WARN_UNGUARDED_AVAILABILITY = YES_AGGRESSIVE;
				CLANG_WARN_UNREACHABLE_CODE = YES;
				CLANG_WARN__DUPLICATE_METHOD_MATCH = YES;
				COPY_PHASE_STRIP = NO;
				DEBUG_INFORMATION_FORMAT = "dwarf-with-dsym";
				ENABLE_NS_ASSERTIONS = NO;
				ENABLE_STRICT_OBJC_MSGSEND = YES;
				ENABLE_USER_SCRIPT_SANDBOXING = YES;
				GCC_C_LANGUAGE_STANDARD = gnu17;
				GCC_NO_COMMON_BLOCKS = YES;
				GCC_WARN_64_TO_32_BIT_CONVERSION = YES;
				GCC_WARN_ABOUT_RETURN_TYPE = YES_ERROR;
				GCC_WARN_UNDECLARED_SELECTOR = YES;
				GCC_WARN_UNINITIALIZED_AUTOS = YES_AGGRESSIVE;
				GCC_WARN_UNUSED_FUNCTION = YES;
				GCC_WARN_UNUSED_VARIABLE = YES;
				IPHONEOS_DEPLOYMENT_TARGET = 17.5;
				LOCALIZATION_PREFERS_STRING_CATALOGS = YES;
				MTL_ENABLE_DEBUG_INFO = NO;
				MTL_FAST_MATH = YES;
				SDKROOT = iphoneos;
				SWIFT_COMPILATION_MODE = wholemodule;
				VALIDATE_PRODUCT = YES;
			};
			name = Release;
		};
		BDDCE0B02C584E3400F0B8C2 /* Debug */ = {
			isa = XCBuildConfiguration;
			buildSettings = {
				ASSETCATALOG_COMPILER_APPICON_NAME = AppIcon;
				ASSETCATALOG_COMPILER_GLOBAL_ACCENT_COLOR_NAME = AccentColor;
				CODE_SIGN_STYLE = Automatic;
				CURRENT_PROJECT_VERSION = 1;
				DEVELOPMENT_ASSET_PATHS = "\"ProTask/Preview Content\"";
				DEVELOPMENT_TEAM = XM4263854A;
				ENABLE_PREVIEWS = YES;
				GENERATE_INFOPLIST_FILE = YES;
				INFOPLIST_KEY_UIApplicationSceneManifest_Generation = YES;
				INFOPLIST_KEY_UIApplicationSupportsIndirectInputEvents = YES;
				INFOPLIST_KEY_UILaunchScreen_Generation = YES;
				INFOPLIST_KEY_UISupportedInterfaceOrientations_iPad = "UIInterfaceOrientationPortrait UIInterfaceOrientationPortraitUpsideDown UIInterfaceOrientationLandscapeLeft UIInterfaceOrientationLandscapeRight";
				INFOPLIST_KEY_UISupportedInterfaceOrientations_iPhone = "UIInterfaceOrientationPortrait UIInterfaceOrientationLandscapeLeft UIInterfaceOrientationLandscapeRight";
				LD_RUNPATH_SEARCH_PATHS = (
					"$(inherited)",
					"@executable_path/Frameworks",
				);
				MARKETING_VERSION = 1.0;
				PRODUCT_BUNDLE_IDENTIFIER = KWK.ProTask;
				PRODUCT_NAME = "$(TARGET_NAME)";
				SWIFT_EMIT_LOC_STRINGS = YES;
				SWIFT_VERSION = 5.0;
				TARGETED_DEVICE_FAMILY = "1,2";
			};
			name = Debug;
		};
		BDDCE0B12C584E3400F0B8C2 /* Release */ = {
			isa = XCBuildConfiguration;
			buildSettings = {
				ASSETCATALOG_COMPILER_APPICON_NAME = AppIcon;
				ASSETCATALOG_COMPILER_GLOBAL_ACCENT_COLOR_NAME = AccentColor;
				CODE_SIGN_STYLE = Automatic;
				CURRENT_PROJECT_VERSION = 1;
				DEVELOPMENT_ASSET_PATHS = "\"ProTask/Preview Content\"";
				DEVELOPMENT_TEAM = XM4263854A;
				ENABLE_PREVIEWS = YES;
				GENERATE_INFOPLIST_FILE = YES;
				INFOPLIST_KEY_UIApplicationSceneManifest_Generation = YES;
				INFOPLIST_KEY_UIApplicationSupportsIndirectInputEvents = YES;
				INFOPLIST_KEY_UILaunchScreen_Generation = YES;
				INFOPLIST_KEY_UISupportedInterfaceOrientations_iPad = "UIInterfaceOrientationPortrait UIInterfaceOrientationPortraitUpsideDown UIInterfaceOrientationLandscapeLeft UIInterfaceOrientationLandscapeRight";
				INFOPLIST_KEY_UISupportedInterfaceOrientations_iPhone = "UIInterfaceOrientationPortrait UIInterfaceOrientationLandscapeLeft UIInterfaceOrientationLandscapeRight";
				LD_RUNPATH_SEARCH_PATHS = (
					"$(inherited)",
					"@executable_path/Frameworks",
				);
				MARKETING_VERSION = 1.0;
				PRODUCT_BUNDLE_IDENTIFIER = KWK.ProTask;
				PRODUCT_NAME = "$(TARGET_NAME)";
				SWIFT_EMIT_LOC_STRINGS = YES;
				SWIFT_VERSION = 5.0;
				TARGETED_DEVICE_FAMILY = "1,2";
			};
			name = Release;
		};
		BDDCE0B32C584E3400F0B8C2 /* Debug */ = {
			isa = XCBuildConfiguration;
			buildSettings = {
				ALWAYS_EMBED_SWIFT_STANDARD_LIBRARIES = YES;
				BUNDLE_LOADER = "$(TEST_HOST)";
				CODE_SIGN_STYLE = Automatic;
				CURRENT_PROJECT_VERSION = 1;
				DEVELOPMENT_TEAM = XM4263854A;
				GENERATE_INFOPLIST_FILE = YES;
				IPHONEOS_DEPLOYMENT_TARGET = 17.5;
				MARKETING_VERSION = 1.0;
				PRODUCT_BUNDLE_IDENTIFIER = KWK.ProTaskTests;
				PRODUCT_NAME = "$(TARGET_NAME)";
				SWIFT_EMIT_LOC_STRINGS = NO;
				SWIFT_VERSION = 5.0;
				TARGETED_DEVICE_FAMILY = "1,2";
				TEST_HOST = "$(BUILT_PRODUCTS_DIR)/ProTasker.app/$(BUNDLE_EXECUTABLE_FOLDER_PATH)/ProTasker";
			};
			name = Debug;
		};
		BDDCE0B42C584E3400F0B8C2 /* Release */ = {
			isa = XCBuildConfiguration;
			buildSettings = {
				ALWAYS_EMBED_SWIFT_STANDARD_LIBRARIES = YES;
				BUNDLE_LOADER = "$(TEST_HOST)";
				CODE_SIGN_STYLE = Automatic;
				CURRENT_PROJECT_VERSION = 1;
				DEVELOPMENT_TEAM = XM4263854A;
				GENERATE_INFOPLIST_FILE = YES;
				IPHONEOS_DEPLOYMENT_TARGET = 17.5;
				MARKETING_VERSION = 1.0;
				PRODUCT_BUNDLE_IDENTIFIER = KWK.ProTaskTests;
				PRODUCT_NAME = "$(TARGET_NAME)";
				SWIFT_EMIT_LOC_STRINGS = NO;
				SWIFT_VERSION = 5.0;
				TARGETED_DEVICE_FAMILY = "1,2";
				TEST_HOST = "$(BUILT_PRODUCTS_DIR)/ProTasker.app/$(BUNDLE_EXECUTABLE_FOLDER_PATH)/ProTasker";
			};
			name = Release;
		};
		BDDCE0B62C584E3400F0B8C2 /* Debug */ = {
			isa = XCBuildConfiguration;
			buildSettings = {
				ALWAYS_EMBED_SWIFT_STANDARD_LIBRARIES = YES;
				CODE_SIGN_STYLE = Automatic;
				CURRENT_PROJECT_VERSION = 1;
				DEVELOPMENT_TEAM = XM4263854A;
				GENERATE_INFOPLIST_FILE = YES;
				MARKETING_VERSION = 1.0;
				PRODUCT_BUNDLE_IDENTIFIER = KWK.ProTaskUITests;
				PRODUCT_NAME = "$(TARGET_NAME)";
				SWIFT_EMIT_LOC_STRINGS = NO;
				SWIFT_VERSION = 5.0;
				TARGETED_DEVICE_FAMILY = "1,2";
				TEST_TARGET_NAME = ProTask;
			};
			name = Debug;
		};
		BDDCE0B72C584E3400F0B8C2 /* Release */ = {
			isa = XCBuildConfiguration;
			buildSettings = {
				ALWAYS_EMBED_SWIFT_STANDARD_LIBRARIES = YES;
				CODE_SIGN_STYLE = Automatic;
				CURRENT_PROJECT_VERSION = 1;
				DEVELOPMENT_TEAM = XM4263854A;
				GENERATE_INFOPLIST_FILE = YES;
				MARKETING_VERSION = 1.0;
				PRODUCT_BUNDLE_IDENTIFIER = KWK.ProTaskUITests;
				PRODUCT_NAME = "$(TARGET_NAME)";
				SWIFT_EMIT_LOC_STRINGS = NO;
				SWIFT_VERSION = 5.0;
				TARGETED_DEVICE_FAMILY = "1,2";
				TEST_TARGET_NAME = ProTask;
			};
			name = Release;
		};
/* End XCBuildConfiguration section */

/* Begin XCConfigurationList section */
		BDDCE0862C584E3200F0B8C2 /* Build configuration list for PBXProject "ProTasker" */ = {
			isa = XCConfigurationList;
			buildConfigurations = (
				BDDCE0AD2C584E3400F0B8C2 /* Debug */,
				BDDCE0AE2C584E3400F0B8C2 /* Release */,
			);
			defaultConfigurationIsVisible = 0;
			defaultConfigurationName = Release;
		};
		BDDCE0AF2C584E3400F0B8C2 /* Build configuration list for PBXNativeTarget "ProTasker" */ = {
			isa = XCConfigurationList;
			buildConfigurations = (
				BDDCE0B02C584E3400F0B8C2 /* Debug */,
				BDDCE0B12C584E3400F0B8C2 /* Release */,
			);
			defaultConfigurationIsVisible = 0;
			defaultConfigurationName = Release;
		};
		BDDCE0B22C584E3400F0B8C2 /* Build configuration list for PBXNativeTarget "ProTaskerTests" */ = {
			isa = XCConfigurationList;
			buildConfigurations = (
				BDDCE0B32C584E3400F0B8C2 /* Debug */,
				BDDCE0B42C584E3400F0B8C2 /* Release */,
			);
			defaultConfigurationIsVisible = 0;
			defaultConfigurationName = Release;
		};
		BDDCE0B52C584E3400F0B8C2 /* Build configuration list for PBXNativeTarget "ProTaskerUITests" */ = {
			isa = XCConfigurationList;
			buildConfigurations = (
				BDDCE0B62C584E3400F0B8C2 /* Debug */,
				BDDCE0B72C584E3400F0B8C2 /* Release */,
			);
			defaultConfigurationIsVisible = 0;
			defaultConfigurationName = Release;
		};
/* End XCConfigurationList section */
	};
	rootObject = BDDCE0832C584E3200F0B8C2 /* Project object */;
}
